
Microsoft Visual Studio Solution File, Format Version 12.00
# Visual Studio Version 17
VisualStudioVersion = 17.7.34031.279
MinimumVisualStudioVersion = 10.0.40219.1
Project("{FAE04EC0-301F-11D3-BF4B-00C04F79EFBC}") = "Egednevnik", "Egednevnik\Egednevnik.csproj", "{D62AB660-0EDB-452E-B070-476D6C430C44}"
EndProject
Global
	GlobalSection(SolutionConfigurationPlatforms) = preSolution
		Debug|Any CPU = Debug|Any CPU
		Release|Any CPU = Release|Any CPU
	EndGlobalSection
	GlobalSection(ProjectConfigurationPlatforms) = postSolution
		{D62AB660-0EDB-452E-B070-476D6C430C44}.Debug|Any CPU.ActiveCfg = Debug|Any CPU
		{D62AB660-0EDB-452E-B070-476D6C430C44}.Debug|Any CPU.Build.0 = Debug|Any CPU
		{D62AB660-0EDB-452E-B070-476D6C430C44}.Release|Any CPU.ActiveCfg = Release|Any CPU
		{D62AB660-0EDB-452E-B070-476D6C430C44}.Release|Any CPU.Build.0 = Release|Any CPU
	EndGlobalSection
	GlobalSection(SolutionProperties) = preSolution
		HideSolutionNode = FALSE
	EndGlobalSection
	GlobalSection(ExtensibilityGlobals) = postSolution
		SolutionGuid = {E6E7F2A6-FFF8-495C-AE97-D41E3A01F5B6}
	EndGlobalSection
EndGlobal
